<?xml version="1.0" encoding="utf-8"?>
<Project ToolsVersion="4.0" xmlns="http://schemas.microsoft.com/developer/msbuild/2003">
  <ItemGroup>
    <ClCompile Include="Engine\Animation.cpp" />
    <ClCompile Include="Engine\Camera.cpp" />
    <ClCompile Include="Engine\Engine.cpp" />
    <ClCompile Include="Engine\GameStateManager.cpp" />
    <ClCompile Include="Engine\Input.cpp" />
    <ClCompile Include="Engine\Logger.cpp" />
    <ClCompile Include="Engine\Matrix.cpp" />
    <ClCompile Include="Engine\Sprite.cpp" />
    <ClCompile Include="Engine\Texture.cpp" />
    <ClCompile Include="Engine\TextureManager.cpp" />
    <ClCompile Include="Engine\Vec2.cpp" />
    <ClCompile Include="Engine\Window.cpp" />
    <ClCompile Include="Game\AStar.cpp" />
    <ClCompile Include="Game\Boss.cpp" />
    <ClCompile Include="Game\Bullet.cpp" />
    <ClCompile Include="Game\Game.cpp" />
    <ClCompile Include="Game\MainMenu.cpp" />
    <ClCompile Include="Game\MapGenerator.cpp" />
    <ClCompile Include="Game\MBullet.cpp" />
    <ClCompile Include="Game\Mediator.cpp" />
    <ClCompile Include="Game\Monster.cpp" />
    <ClCompile Include="Game\Player.cpp" />
    <ClCompile Include="Game\PopupBox.cpp" />
    <ClCompile Include="Game\Splash.cpp" />
    <ClCompile Include="Game\Splash1.cpp" />
    <ClCompile Include="Game\Splash2.cpp" />
    <ClCompile Include="Game\Tile.cpp" />
    <ClCompile Include="main.cpp" />
    <ClCompile Include="Engine\SoundManager.cpp" />
    <ClCompile Include="Engine\MusicManager.cpp" />
    <ClCompile Include="Game\HowToPlay.cpp" />
    <ClCompile Include="Game\Credit.cpp" />
  </ItemGroup>
  <ItemGroup>
    <ClInclude Include="Engine\Animation.h" />
    <ClInclude Include="Engine\Camera.h" />
    <ClInclude Include="Engine\Engine.h" />
    <ClInclude Include="Engine\GameState.h" />
    <ClInclude Include="Engine\GameStateManager.h" />
    <ClInclude Include="Engine\Input.h" />
    <ClInclude Include="Engine\Logger.h" />
    <ClInclude Include="Engine\Matrix.h" />
    <ClInclude Include="Engine\Rect.h" />
    <ClInclude Include="Engine\Sprite.h" />
    <ClInclude Include="Engine\Texture.h" />
    <ClInclude Include="Engine\TextureManager.h" />
    <ClInclude Include="Engine\Vec2.h" />
    <ClInclude Include="Engine\Window.h" />
    <ClInclude Include="Game\AStar.h" />
    <ClInclude Include="Game\Boss.h" />
    <ClInclude Include="Game\Bullet.h" />
    <ClInclude Include="Game\Game.h" />
    <ClInclude Include="Game\MainMenu.h" />
    <ClInclude Include="Game\MapGenerator.h" />
    <ClInclude Include="Game\MBullet.h" />
    <ClInclude Include="Game\Mediator.h" />
    <ClInclude Include="Game\Monster.h" />
    <ClInclude Include="Game\Player.h" />
    <ClInclude Include="Game\PopupBox.h" />
    <ClInclude Include="Game\Splash.h" />
    <ClInclude Include="Game\Splash1.h" />
    <ClInclude Include="Game\Splash2.h" />
    <ClInclude Include="Game\State.h" />
    <ClInclude Include="Game\Tile.h" />
    <ClInclude Include="Game\TileStates.h" />
    <ClInclude Include="Engine\SoundManager.h" />
    <ClInclude Include="Engine\MusicManager.h" />
    <ClInclude Include="Game\HowToPlay.h" />
    <ClInclude Include="Game\Credit.h" />
  </ItemGroup>
</Project>